hash: efc02ec7fdbe19dd831628a8940fbcc5ab0c2ba3d3c1670c7cd6b12b3bb2bf49
updated: 2016-11-20T12:43:17.747761815-05:00
imports:
- name: github.com/lib/pq
  version: d8eeeb8bae8896dd8e1b7e514ab0d396c4f12a1b
- name: gopkg.in/gin-gonic/gin.v1
  version: 2dae550eb5392006a4582ce9c90016a9b5a74e8b
testImports: []
